# This file is autogenerated, do not edit; changes may be undone by the next 'dep ensure'.


[[projects]]
  branch = "master"
  name = "github.com/mattn/go-xmpp"
  packages = ["."]
  revision = "e543ad3fcd51155e4b39f7487bdfcb5e3772f1ce"

[solve-meta]
  analyzer-name = "dep"
  analyzer-version = 1
  inputs-digest = "127f8b90f2cf1d015f8a4c6602802fa38f4898470d180ad95fbdfd3a5c65ae33"
  solver-name = "gps-cdcl"
  solver-version = 1
